
Microsoft Visual Studio Solution File, Format Version 12.00
# Visual Studio Version 17
VisualStudioVersion = 17.12.35707.178
MinimumVisualStudioVersion = 10.0.40219.1
Project("{FAE04EC0-301F-11D3-BF4B-00C04F79EFBC}") = "EmpacotadorServiceAPI", "EmpacotadorServiceAPI\EmpacotadorServiceAPI.csproj", "{21E74DFB-93EA-4737-8856-A9C220621BA0}"
	ProjectSection(ProjectDependencies) = postProject
		{52401D77-F8C0-44ED-AC06-98A3FC888949} = {52401D77-F8C0-44ED-AC06-98A3FC888949}
		{915A2F9D-2BDE-43B0-B7D8-50B725699EE2} = {915A2F9D-2BDE-43B0-B7D8-50B725699EE2}
	EndProjectSection
EndProject
Project("{FAE04EC0-301F-11D3-BF4B-00C04F79EFBC}") = "Domain", "Domain\Domain.csproj", "{915A2F9D-2BDE-43B0-B7D8-50B725699EE2}"
EndProject
Project("{FAE04EC0-301F-11D3-BF4B-00C04F79EFBC}") = "Application", "Application\Application.csproj", "{52401D77-F8C0-44ED-AC06-98A3FC888949}"
	ProjectSection(ProjectDependencies) = postProject
		{915A2F9D-2BDE-43B0-B7D8-50B725699EE2} = {915A2F9D-2BDE-43B0-B7D8-50B725699EE2}
	EndProjectSection
EndProject
Project("{FAE04EC0-301F-11D3-BF4B-00C04F79EFBC}") = "Data", "Data\Data.csproj", "{61607E90-D775-40DF-8DC4-CF04CAE0CB4E}"
	ProjectSection(ProjectDependencies) = postProject
		{52401D77-F8C0-44ED-AC06-98A3FC888949} = {52401D77-F8C0-44ED-AC06-98A3FC888949}
		{915A2F9D-2BDE-43B0-B7D8-50B725699EE2} = {915A2F9D-2BDE-43B0-B7D8-50B725699EE2}
	EndProjectSection
EndProject
Global
	GlobalSection(SolutionConfigurationPlatforms) = preSolution
		Debug|Any CPU = Debug|Any CPU
		Release|Any CPU = Release|Any CPU
	EndGlobalSection
	GlobalSection(ProjectConfigurationPlatforms) = postSolution
		{21E74DFB-93EA-4737-8856-A9C220621BA0}.Debug|Any CPU.ActiveCfg = Debug|Any CPU
		{21E74DFB-93EA-4737-8856-A9C220621BA0}.Debug|Any CPU.Build.0 = Debug|Any CPU
		{21E74DFB-93EA-4737-8856-A9C220621BA0}.Release|Any CPU.ActiveCfg = Release|Any CPU
		{21E74DFB-93EA-4737-8856-A9C220621BA0}.Release|Any CPU.Build.0 = Release|Any CPU
		{915A2F9D-2BDE-43B0-B7D8-50B725699EE2}.Debug|Any CPU.ActiveCfg = Debug|Any CPU
		{915A2F9D-2BDE-43B0-B7D8-50B725699EE2}.Debug|Any CPU.Build.0 = Debug|Any CPU
		{915A2F9D-2BDE-43B0-B7D8-50B725699EE2}.Release|Any CPU.ActiveCfg = Release|Any CPU
		{915A2F9D-2BDE-43B0-B7D8-50B725699EE2}.Release|Any CPU.Build.0 = Release|Any CPU
		{52401D77-F8C0-44ED-AC06-98A3FC888949}.Debug|Any CPU.ActiveCfg = Debug|Any CPU
		{52401D77-F8C0-44ED-AC06-98A3FC888949}.Debug|Any CPU.Build.0 = Debug|Any CPU
		{52401D77-F8C0-44ED-AC06-98A3FC888949}.Release|Any CPU.ActiveCfg = Release|Any CPU
		{52401D77-F8C0-44ED-AC06-98A3FC888949}.Release|Any CPU.Build.0 = Release|Any CPU
		{61607E90-D775-40DF-8DC4-CF04CAE0CB4E}.Debug|Any CPU.ActiveCfg = Debug|Any CPU
		{61607E90-D775-40DF-8DC4-CF04CAE0CB4E}.Debug|Any CPU.Build.0 = Debug|Any CPU
		{61607E90-D775-40DF-8DC4-CF04CAE0CB4E}.Release|Any CPU.ActiveCfg = Release|Any CPU
		{61607E90-D775-40DF-8DC4-CF04CAE0CB4E}.Release|Any CPU.Build.0 = Release|Any CPU
	EndGlobalSection
	GlobalSection(SolutionProperties) = preSolution
		HideSolutionNode = FALSE
	EndGlobalSection
EndGlobal
